
Microsoft Visual Studio Solution File, Format Version 12.00
# Visual Studio Version 16
VisualStudioVersion = 16.0.29326.143
MinimumVisualStudioVersion = 10.0.40219.1
Project("{9A19103F-16F7-4668-BE54-9A1E7A4F7556}") = "TakumiUtilities", "TakumiUtilities.csproj", "{938940AA-F6D3-4CC7-9EDE-6F981D5DFF0F}"
EndProject
Project("{9A19103F-16F7-4668-BE54-9A1E7A4F7556}") = "TakumiUtilitiesTest", "TakumiUtilitiesTest\TakumiUtilitiesTest.csproj", "{CBC9F076-C4DD-49A6-8A14-DB6CE160907A}"
EndProject
Global
	GlobalSection(SolutionConfigurationPlatforms) = preSolution
		Debug|Any CPU = Debug|Any CPU
		Release|Any CPU = Release|Any CPU
	EndGlobalSection
	GlobalSection(ProjectConfigurationPlatforms) = postSolution
		{938940AA-F6D3-4CC7-9EDE-6F981D5DFF0F}.Debug|Any CPU.ActiveCfg = Debug|Any CPU
		{938940AA-F6D3-4CC7-9EDE-6F981D5DFF0F}.Debug|Any CPU.Build.0 = Debug|Any CPU
		{938940AA-F6D3-4CC7-9EDE-6F981D5DFF0F}.Release|Any CPU.ActiveCfg = Release|Any CPU
		{938940AA-F6D3-4CC7-9EDE-6F981D5DFF0F}.Release|Any CPU.Build.0 = Release|Any CPU
		{CBC9F076-C4DD-49A6-8A14-DB6CE160907A}.Debug|Any CPU.ActiveCfg = Debug|Any CPU
		{CBC9F076-C4DD-49A6-8A14-DB6CE160907A}.Debug|Any CPU.Build.0 = Debug|Any CPU
		{CBC9F076-C4DD-49A6-8A14-DB6CE160907A}.Release|Any CPU.ActiveCfg = Release|Any CPU
		{CBC9F076-C4DD-49A6-8A14-DB6CE160907A}.Release|Any CPU.Build.0 = Release|Any CPU
	EndGlobalSection
	GlobalSection(SolutionProperties) = preSolution
		HideSolutionNode = FALSE
	EndGlobalSection
	GlobalSection(ExtensibilityGlobals) = postSolution
		SolutionGuid = {D0AC658B-BBA0-4F85-AF1D-3FA20DD48E39}
	EndGlobalSection
EndGlobal
